
Microsoft Visual Studio Solution File, Format Version 12.00
# Visual Studio 14
VisualStudioVersion = 14.0.25420.1
MinimumVisualStudioVersion = 10.0.40219.1
Project("{2150E333-8FDC-42A3-9474-1A3956D46DE8}") = "src", "src", "{6054F647-5214-4D46-AB34-2BD2073F6642}"
EndProject
Project("{2150E333-8FDC-42A3-9474-1A3956D46DE8}") = "Solution Items", "Solution Items", "{774EE736-0A1F-40FA-917D-BB28E25BDD59}"
	ProjectSection(SolutionItems) = preProject
		global.json = global.json
	EndProjectSection
EndProject
Project("{8BB2217D-0F2D-49D1-97BC-3654ED321F3B}") = "quickfixnuget", "src\quickfixn\quickfixnuget.xproj", "{60912BEE-15D1-432D-AD54-F56D816F99B2}"
EndProject
Project("{8BB2217D-0F2D-49D1-97BC-3654ED321F3B}") = "WsClient", "src\WsClient\WsClient.xproj", "{A58C0388-7C72-4018-9C69-57871DD2D056}"
EndProject
Global
	GlobalSection(SolutionConfigurationPlatforms) = preSolution
		Debug|Any CPU = Debug|Any CPU
		Release|Any CPU = Release|Any CPU
	EndGlobalSection
	GlobalSection(ProjectConfigurationPlatforms) = postSolution
		{60912BEE-15D1-432D-AD54-F56D816F99B2}.Debug|Any CPU.ActiveCfg = Debug|Any CPU
		{60912BEE-15D1-432D-AD54-F56D816F99B2}.Debug|Any CPU.Build.0 = Debug|Any CPU
		{60912BEE-15D1-432D-AD54-F56D816F99B2}.Release|Any CPU.ActiveCfg = Release|Any CPU
		{60912BEE-15D1-432D-AD54-F56D816F99B2}.Release|Any CPU.Build.0 = Release|Any CPU
		{A58C0388-7C72-4018-9C69-57871DD2D056}.Debug|Any CPU.ActiveCfg = Debug|Any CPU
		{A58C0388-7C72-4018-9C69-57871DD2D056}.Debug|Any CPU.Build.0 = Debug|Any CPU
		{A58C0388-7C72-4018-9C69-57871DD2D056}.Release|Any CPU.ActiveCfg = Release|Any CPU
		{A58C0388-7C72-4018-9C69-57871DD2D056}.Release|Any CPU.Build.0 = Release|Any CPU
	EndGlobalSection
	GlobalSection(SolutionProperties) = preSolution
		HideSolutionNode = FALSE
	EndGlobalSection
	GlobalSection(NestedProjects) = preSolution
		{60912BEE-15D1-432D-AD54-F56D816F99B2} = {6054F647-5214-4D46-AB34-2BD2073F6642}
		{A58C0388-7C72-4018-9C69-57871DD2D056} = {6054F647-5214-4D46-AB34-2BD2073F6642}
	EndGlobalSection
EndGlobal
